
Microsoft Visual Studio Solution File, Format Version 12.00
# Visual Studio Version 18
VisualStudioVersion = 18.2.11415.280 d18.0
MinimumVisualStudioVersion = 10.0.40219.1
Project("{FAE04EC0-301F-11D3-BF4B-00C04F79EFBC}") = "BedrockCosmosUpdater", "BedrockCosmosUpdater\BedrockCosmosUpdater.csproj", "{9782CAD2-92CC-402C-B738-84F2677ECB53}"
EndProject
Global
	GlobalSection(SolutionConfigurationPlatforms) = preSolution
		Debug|Any CPU = Debug|Any CPU
		Release|Any CPU = Release|Any CPU
	EndGlobalSection
	GlobalSection(ProjectConfigurationPlatforms) = postSolution
		{9782CAD2-92CC-402C-B738-84F2677ECB53}.Debug|Any CPU.ActiveCfg = Debug|Any CPU
		{9782CAD2-92CC-402C-B738-84F2677ECB53}.Debug|Any CPU.Build.0 = Debug|Any CPU
		{9782CAD2-92CC-402C-B738-84F2677ECB53}.Release|Any CPU.ActiveCfg = Release|Any CPU
		{9782CAD2-92CC-402C-B738-84F2677ECB53}.Release|Any CPU.Build.0 = Release|Any CPU
	EndGlobalSection
	GlobalSection(SolutionProperties) = preSolution
		HideSolutionNode = FALSE
	EndGlobalSection
	GlobalSection(ExtensibilityGlobals) = postSolution
		SolutionGuid = {90C82DA7-E17E-4490-816D-81F83BAEF05E}
	EndGlobalSection
EndGlobal
